
Microsoft Visual Studio Solution File, Format Version 12.00
# Visual Studio Version 17
VisualStudioVersion = 17.1.32414.318
MinimumVisualStudioVersion = 10.0.40219.1
Project("{FAE04EC0-301F-11D3-BF4B-00C04F79EFBC}") = "StackAndQueue", "StackAndQueue\StackAndQueue.csproj", "{5B8C4D33-46DE-4186-B580-8759E139201D}"
EndProject
Global
	GlobalSection(SolutionConfigurationPlatforms) = preSolution
		Debug|Any CPU = Debug|Any CPU
		Release|Any CPU = Release|Any CPU
	EndGlobalSection
	GlobalSection(ProjectConfigurationPlatforms) = postSolution
		{5B8C4D33-46DE-4186-B580-8759E139201D}.Debug|Any CPU.ActiveCfg = Debug|Any CPU
		{5B8C4D33-46DE-4186-B580-8759E139201D}.Debug|Any CPU.Build.0 = Debug|Any CPU
		{5B8C4D33-46DE-4186-B580-8759E139201D}.Release|Any CPU.ActiveCfg = Release|Any CPU
		{5B8C4D33-46DE-4186-B580-8759E139201D}.Release|Any CPU.Build.0 = Release|Any CPU
	EndGlobalSection
	GlobalSection(SolutionProperties) = preSolution
		HideSolutionNode = FALSE
	EndGlobalSection
	GlobalSection(ExtensibilityGlobals) = postSolution
		SolutionGuid = {5E7333B7-7F4F-4D7C-8CCD-728DDBA627A0}
	EndGlobalSection
EndGlobal
